// !$*UTF8*$!
{
	archiveVersion = 1;
	classes = {
	};
	objectVersion = 48;
	objects = {

/* Begin PBXBuildFile section */
		A60D89E31F87DE010036D5C8 /* AppDelegate.m in Sources */ = {isa = PBXBuildFile; fileRef = A60D89E21F87DE010036D5C8 /* AppDelegate.m */; };
		A60D89E91F87DE010036D5C8 /* Main.storyboard in Resources */ = {isa = PBXBuildFile; fileRef = A60D89E71F87DE010036D5C8 /* Main.storyboard */; };
		A60D89EB1F87DE010036D5C8 /* Assets.xcassets in Resources */ = {isa = PBXBuildFile; fileRef = A60D89EA1F87DE010036D5C8 /* Assets.xcassets */; };
		A60D89EE1F87DE010036D5C8 /* LaunchScreen.storyboard in Resources */ = {isa = PBXBuildFile; fileRef = A60D89EC1F87DE010036D5C8 /* LaunchScreen.storyboard */; };
		A60D89F11F87DE010036D5C8 /* main.m in Sources */ = {isa = PBXBuildFile; fileRef = A60D89F01F87DE010036D5C8 /* main.m */; };
		A6FE03D21F87DF8100FF9B63 /* CollectionViewController.m in Sources */ = {isa = PBXBuildFile; fileRef = A6FE03D11F87DF8100FF9B63 /* CollectionViewController.m */; };
		A6FE03D51F87E2E100FF9B63 /* CollectionViewCell.m in Sources */ = {isa = PBXBuildFile; fileRef = A6FE03D41F87E2E100FF9B63 /* CollectionViewCell.m */; };
		A6FE03D91F89E71E00FF9B63 /* Giphy.m in Sources */ = {isa = PBXBuildFile; fileRef = A6FE03D81F89E71E00FF9B63 /* Giphy.m */; };
		A6FE03DC1F89EBB000FF9B63 /* DetailViewController.m in Sources */ = {isa = PBXBuildFile; fileRef = A6FE03DB1F89EBB000FF9B63 /* DetailViewController.m */; };
/* End PBXBuildFile section */

/* Begin PBXFileReference section */
		A60D89DE1F87DE010036D5C8 /* gifViewObjC.app */ = {isa = PBXFileReference; explicitFileType = wrapper.application; includeInIndex = 0; path = gifViewObjC.app; sourceTree = BUILT_PRODUCTS_DIR; };
		A60D89E11F87DE010036D5C8 /* AppDelegate.h */ = {isa = PBXFileReference; lastKnownFileType = sourcecode.c.h; path = AppDelegate.h; sourceTree = "<group>"; };
		A60D89E21F87DE010036D5C8 /* AppDelegate.m */ = {isa = PBXFileReference; lastKnownFileType = sourcecode.c.objc; path = AppDelegate.m; sourceTree = "<group>"; };
		A60D89E81F87DE010036D5C8 /* Base */ = {isa = PBXFileReference; lastKnownFileType = file.storyboard; name = Base; path = Base.lproj/Main.storyboard; sourceTree = "<group>"; };
		A60D89EA1F87DE010036D5C8 /* Assets.xcassets */ = {isa = PBXFileReference; lastKnownFileType = folder.assetcatalog; path = Assets.xcassets; sourceTree = "<group>"; };
		A60D89ED1F87DE010036D5C8 /* Base */ = {isa = PBXFileReference; lastKnownFileType = file.storyboard; name = Base; path = Base.lproj/LaunchScreen.storyboard; sourceTree = "<group>"; };
		A60D89EF1F87DE010036D5C8 /* Info.plist */ = {isa = PBXFileReference; lastKnownFileType = text.plist.xml; path = Info.plist; sourceTree = "<group>"; };
		A60D89F01F87DE010036D5C8 /* main.m */ = {isa = PBXFileReference; lastKnownFileType = sourcecode.c.objc; path = main.m; sourceTree = "<group>"; };
		A6FE03D01F87DF8100FF9B63 /* CollectionViewController.h */ = {isa = PBXFileReference; lastKnownFileType = sourcecode.c.h; path = CollectionViewController.h; sourceTree = "<group>"; };
		A6FE03D11F87DF8100FF9B63 /* CollectionViewController.m */ = {isa = PBXFileReference; lastKnownFileType = sourcecode.c.objc; path = CollectionViewController.m; sourceTree = "<group>"; };
		A6FE03D31F87E2E100FF9B63 /* CollectionViewCell.h */ = {isa = PBXFileReference; lastKnownFileType = sourcecode.c.h; path = CollectionViewCell.h; sourceTree = "<group>"; };
		A6FE03D41F87E2E100FF9B63 /* CollectionViewCell.m */ = {isa = PBXFileReference; lastKnownFileType = sourcecode.c.objc; path = CollectionViewCell.m; sourceTree = "<group>"; };
		A6FE03D61F87E3B700FF9B63 /* Unknown.jpeg */ = {isa = PBXFileReference; lastKnownFileType = image.jpeg; name = Unknown.jpeg; path = ../../../../../Desktop/Unknown.jpeg; sourceTree = "<group>"; };
		A6FE03D71F89E71E00FF9B63 /* Giphy.h */ = {isa = PBXFileReference; lastKnownFileType = sourcecode.c.h; path = Giphy.h; sourceTree = "<group>"; };
		A6FE03D81F89E71E00FF9B63 /* Giphy.m */ = {isa = PBXFileReference; lastKnownFileType = sourcecode.c.objc; path = Giphy.m; sourceTree = "<group>"; };
		A6FE03DA1F89EBB000FF9B63 /* DetailViewController.h */ = {isa = PBXFileReference; lastKnownFileType = sourcecode.c.h; path = DetailViewController.h; sourceTree = "<group>"; };
		A6FE03DB1F89EBB000FF9B63 /* DetailViewController.m */ = {isa = PBXFileReference; lastKnownFileType = sourcecode.c.objc; path = DetailViewController.m; sourceTree = "<group>"; };
/* End PBXFileReference section */

/* Begin PBXFrameworksBuildPhase section */
		A60D89DB1F87DE010036D5C8 /* Frameworks */ = {
			isa = PBXFrameworksBuildPhase;
			buildActionMask = 2147483647;
			files = (
			);
			runOnlyForDeploymentPostprocessing = 0;
		};
/* End PBXFrameworksBuildPhase section */

/* Begin PBXGroup section */
		A60D89D51F87DE010036D5C8 = {
			isa = PBXGroup;
			children = (
				A60D89E01F87DE010036D5C8 /* gifViewObjC */,
				A60D89DF1F87DE010036D5C8 /* Products */,
				A6FE03D61F87E3B700FF9B63 /* Unknown.jpeg */,
			);
			sourceTree = "<group>";
		};
		A60D89DF1F87DE010036D5C8 /* Products */ = {
			isa = PBXGroup;
			children = (
				A60D89DE1F87DE010036D5C8 /* gifViewObjC.app */,
			);
			name = Products;
			sourceTree = "<group>";
		};
		A60D89E01F87DE010036D5C8 /* gifViewObjC */ = {
			isa = PBXGroup;
			children = (
				A60D89E11F87DE010036D5C8 /* AppDelegate.h */,
				A60D89E21F87DE010036D5C8 /* AppDelegate.m */,
				A6FE03D01F87DF8100FF9B63 /* CollectionViewController.h */,
				A6FE03D11F87DF8100FF9B63 /* CollectionViewController.m */,
				A6FE03DA1F89EBB000FF9B63 /* DetailViewController.h */,
				A6FE03DB1F89EBB000FF9B63 /* DetailViewController.m */,
				A6FE03D31F87E2E100FF9B63 /* CollectionViewCell.h */,
				A6FE03D41F87E2E100FF9B63 /* CollectionViewCell.m */,
				A6FE03D71F89E71E00FF9B63 /* Giphy.h */,
				A6FE03D81F89E71E00FF9B63 /* Giphy.m */,
				A60D89E71F87DE010036D5C8 /* Main.storyboard */,
				A60D89EA1F87DE010036D5C8 /* Assets.xcassets */,
				A60D89EC1F87DE010036D5C8 /* LaunchScreen.storyboard */,
				A60D89EF1F87DE010036D5C8 /* Info.plist */,
				A60D89F01F87DE010036D5C8 /* main.m */,
			);
			path = gifViewObjC;
			sourceTree = "<group>";
		};
/* End PBXGroup section */

/* Begin PBXNativeTarget section */
		A60D89DD1F87DE010036D5C8 /* gifViewObjC */ = {
			isa = PBXNativeTarget;
			buildConfigurationList = A60D89F41F87DE010036D5C8 /* Build configuration list for PBXNativeTarget "gifViewObjC" */;
			buildPhases = (
				A60D89DA1F87DE010036D5C8 /* Sources */,
				A60D89DB1F87DE010036D5C8 /* Frameworks */,
				A60D89DC1F87DE010036D5C8 /* Resources */,
			);
			buildRules = (
			);
			dependencies = (
			);
			name = gifViewObjC;
			productName = gifViewObjC;
			productReference = A60D89DE1F87DE010036D5C8 /* gifViewObjC.app */;
			productType = "com.apple.product-type.application";
		};
/* End PBXNativeTarget section */

/* Begin PBXProject section */
		A60D89D61F87DE010036D5C8 /* Project object */ = {
			isa = PBXProject;
			attributes = {
				LastUpgradeCheck = 0900;
				ORGANIZATIONNAME = "Taylor Smith";
				TargetAttributes = {
					A60D89DD1F87DE010036D5C8 = {
						CreatedOnToolsVersion = 9.0;
						ProvisioningStyle = Automatic;
					};
				};
			};
			buildConfigurationList = A60D89D91F87DE010036D5C8 /* Build configuration list for PBXProject "gifViewObjC" */;
			compatibilityVersion = "Xcode 8.0";
			developmentRegion = en;
			hasScannedForEncodings = 0;
			knownRegions = (
				en,
				Base,
			);
			mainGroup = A60D89D51F87DE010036D5C8;
			productRefGroup = A60D89DF1F87DE010036D5C8 /* Products */;
			projectDirPath = "";
			projectRoot = "";
			targets = (
				A60D89DD1F87DE010036D5C8 /* gifViewObjC */,
			);
		};
/* End PBXProject section */

/* Begin PBXResourcesBuildPhase section */
		A60D89DC1F87DE010036D5C8 /* Resources */ = {
			isa = PBXResourcesBuildPhase;
			buildActionMask = 2147483647;
			files = (
				A60D89EE1F87DE010036D5C8 /* LaunchScreen.storyboard in Resources */,
				A60D89EB1F87DE010036D5C8 /* Assets.xcassets in Resources */,
				A60D89E91F87DE010036D5C8 /* Main.storyboard in Resources */,
			);
			runOnlyForDeploymentPostprocessing = 0;
		};
/* End PBXResourcesBuildPhase section */

/* Begin PBXSourcesBuildPhase section */
		A60D89DA1F87DE010036D5C8 /* Sources */ = {
			isa = PBXSourcesBuildPhase;
			buildActionMask = 2147483647;
			files = (
				A60D89F11F87DE010036D5C8 /* main.m in Sources */,
				A60D89E31F87DE010036D5C8 /* AppDelegate.m in Sources */,
				A6FE03D91F89E71E00FF9B63 /* Giphy.m in Sources */,
				A6FE03D51F87E2E100FF9B63 /* CollectionViewCell.m in Sources */,
				A6FE03D21F87DF8100FF9B63 /* CollectionViewController.m in Sources */,
				A6FE03DC1F89EBB000FF9B63 /* DetailViewController.m in Sources */,
			);
			runOnlyForDeploymentPostprocessing = 0;
		};
/* End PBXSourcesBuildPhase section */

/* Begin PBXVariantGroup section */
		A60D89E71F87DE010036D5C8 /* Main.storyboard */ = {
			isa = PBXVariantGroup;
			children = (
				A60D89E81F87DE010036D5C8 /* Base */,
			);
			name = Main.storyboard;
			sourceTree = "<group>";
		};
		A60D89EC1F87DE010036D5C8 /* LaunchScreen.storyboard */ = {
			isa = PBXVariantGroup;
			children = (
				A60D89ED1F87DE010036D5C8 /* Base */,
			);
			name = LaunchScreen.storyboard;
			sourceTree = "<group>";
		};
/* End PBXVariantGroup section */

/* Begin XCBuildConfiguration section */
		A60D89F21F87DE010036D5C8 /* Debug */ = {
			isa = XCBuildConfiguration;
			buildSettings = {
				ALWAYS_SEARCH_USER_PATHS = NO;
				CLANG_ANALYZER_NONNULL = YES;
				CLANG_ANALYZER_NUMBER_OBJECT_CONVERSION = YES_AGGRESSIVE;
				CLANG_CXX_LANGUAGE_STANDARD = "gnu++14";
				CLANG_CXX_LIBRARY = "libc++";
				CLANG_ENABLE_MODULES = YES;
				CLANG_ENABLE_OBJC_ARC = YES;
				CLANG_WARN_BLOCK_CAPTURE_AUTORELEASING = YES;
				CLANG_WARN_BOOL_CONVERSION = YES;
				CLANG_WARN_COMMA = YES;
				CLANG_WARN_CONSTANT_CONVERSION = YES;
				CLANG_WARN_DIRECT_OBJC_ISA_USAGE = YES_ERROR;
				CLANG_WARN_DOCUMENTATION_COMMENTS = YES;
				CLANG_WARN_EMPTY_BODY = YES;
				CLANG_WARN_ENUM_CONVERSION = YES;
				CLANG_WARN_INFINITE_RECURSION = YES;
				CLANG_WARN_INT_CONVERSION = YES;
				CLANG_WARN_NON_LITERAL_NULL_CONVERSION = YES;
				CLANG_WARN_OBJC_LITERAL_CONVERSION = YES;
				CLANG_WARN_OBJC_ROOT_CLASS = YES_ERROR;
				CLANG_WARN_RANGE_LOOP_ANALYSIS = YES;
				CLANG_WARN_STRICT_PROTOTYPES = YES;
				CLANG_WARN_SUSPICIOUS_MOVE = YES;
				CLANG_WARN_UNGUARDED_AVAILABILITY = YES_AGGRESSIVE;
				CLANG_WARN_UNREACHABLE_CODE = YES;
				CLANG_WARN__DUPLICATE_METHOD_MATCH = YES;
				CODE_SIGN_IDENTITY = "iPhone Developer";
				COPY_PHASE_STRIP = NO;
				DEBUG_INFORMATION_FORMAT = dwarf;
				ENABLE_STRICT_OBJC_MSGSEND = YES;
				ENABLE_TESTABILITY = YES;
				GCC_C_LANGUAGE_STANDARD = gnu11;
				GCC_DYNAMIC_NO_PIC = NO;
				GCC_NO_COMMON_BLOCKS = YES;
				GCC_OPTIMIZATION_LEVEL = 0;
				GCC_PREPROCESSOR_DEFINITIONS = (
					"DEBUG=1",
					"$(inherited)",
				);
				GCC_WARN_64_TO_32_BIT_CONVERSION = YES;
				GCC_WARN_ABOUT_RETURN_TYPE = YES_ERROR;
				GCC_WARN_UNDECLARED_SELECTOR = YES;
				GCC_WARN_UNINITIALIZED_AUTOS = YES_AGGRESSIVE;
				GCC_WARN_UNUSED_FUNCTION = YES;
				GCC_WARN_UNUSED_VARIABLE = YES;
				IPHONEOS_DEPLOYMENT_TARGET = 11.0;
				MTL_ENABLE_DEBUG_INFO = YES;
				ONLY_ACTIVE_ARCH = YES;
				SDKROOT = iphoneos;
			};
			name = Debug;
		};
		A60D89F31F87DE010036D5C8 /* Release */ = {
			isa = XCBuildConfiguration;
			buildSettings = {
				ALWAYS_SEARCH_USER_PATHS = NO;
				CLANG_ANALYZER_NONNULL = YES;
				CLANG_ANALYZER_NUMBER_OBJECT_CONVERSION = YES_AGGRESSIVE;
				CLANG_CXX_LANGUAGE_STANDARD = "gnu++14";
				CLANG_CXX_LIBRARY = "libc++";
				CLANG_ENABLE_MODULES = YES;
				CLANG_ENABLE_OBJC_ARC = YES;
				CLANG_WARN_BLOCK_CAPTURE_AUTORELEASING = YES;
				CLANG_WARN_BOOL_CONVERSION = YES;
				CLANG_WARN_COMMA = YES;
				CLANG_WARN_CONSTANT_CONVERSION = YES;
				CLANG_WARN_DIRECT_OBJC_ISA_USAGE = YES_ERROR;
				CLANG_WARN_DOCUMENTATION_COMMENTS = YES;
				CLANG_WARN_EMPTY_BODY = YES;
				CLANG_WARN_ENUM_CONVERSION = YES;
				CLANG_WARN_INFINITE_RECURSION = YES;
				CLANG_WARN_INT_CONVERSION = YES;
				CLANG_WARN_NON_LITERAL_NULL_CONVERSION = YES;
				CLANG_WARN_OBJC_LITERAL_CONVERSION = YES;
				CLANG_WARN_OBJC_ROOT_CLASS = YES_ERROR;
				CLANG_WARN_RANGE_LOOP_ANALYSIS = YES;
				CLANG_WARN_STRICT_PROTOTYPES = YES;
				CLANG_WARN_SUSPICIOUS_MOVE = YES;
				CLANG_WARN_UNGUARDED_AVAILABILITY = YES_AGGRESSIVE;
				CLANG_WARN_UNREACHABLE_CODE = YES;
				CLANG_WARN__DUPLICATE_METHOD_MATCH = YES;
				CODE_SIGN_IDENTITY = "iPhone Developer";
				COPY_PHASE_STRIP = NO;
				DEBUG_INFORMATION_FORMAT = "dwarf-with-dsym";
				ENABLE_NS_ASSERTIONS = NO;
				ENABLE_STRICT_OBJC_MSGSEND = YES;
				GCC_C_LANGUAGE_STANDARD = gnu11;
				GCC_NO_COMMON_BLOCKS = YES;
				GCC_WARN_64_TO_32_BIT_CONVERSION = YES;
				GCC_WARN_ABOUT_RETURN_TYPE = YES_ERROR;
				GCC_WARN_UNDECLARED_SELECTOR = YES;
				GCC_WARN_UNINITIALIZED_AUTOS = YES_AGGRESSIVE;
				GCC_WARN_UNUSED_FUNCTION = YES;
				GCC_WARN_UNUSED_VARIABLE = YES;
				IPHONEOS_DEPLOYMENT_TARGET = 11.0;
				MTL_ENABLE_DEBUG_INFO = NO;
				SDKROOT = iphoneos;
				VALIDATE_PRODUCT = YES;
			};
			name = Release;
		};
		A60D89F51F87DE010036D5C8 /* Debug */ = {
			isa = XCBuildConfiguration;
			buildSettings = {
				ASSETCATALOG_COMPILER_APPICON_NAME = AppIcon;
				CODE_SIGN_STYLE = Automatic;
				DEVELOPMENT_TEAM = KNEDT6Y55K;
				INFOPLIST_FILE = gifViewObjC/Info.plist;
				LD_RUNPATH_SEARCH_PATHS = "$(inherited) @executable_path/Frameworks";
				PRODUCT_BUNDLE_IDENTIFIER = com.TaylorSmith.gifViewObjC;
				PRODUCT_NAME = "$(TARGET_NAME)";
				TARGETED_DEVICE_FAMILY = "1,2";
			};
			name = Debug;
		};
		A60D89F61F87DE010036D5C8 /* Release */ = {
			isa = XCBuildConfiguration;
			buildSettings = {
				ASSETCATALOG_COMPILER_APPICON_NAME = AppIcon;
				CODE_SIGN_STYLE = Automatic;
				DEVELOPMENT_TEAM = KNEDT6Y55K;
				INFOPLIST_FILE = gifViewObjC/Info.plist;
				LD_RUNPATH_SEARCH_PATHS = "$(inherited) @executable_path/Frameworks";
				PRODUCT_BUNDLE_IDENTIFIER = com.TaylorSmith.gifViewObjC;
				PRODUCT_NAME = "$(TARGET_NAME)";
				TARGETED_DEVICE_FAMILY = "1,2";
			};
			name = Release;
		};
/* End XCBuildConfiguration section */

/* Begin XCConfigurationList section */
		A60D89D91F87DE010036D5C8 /* Build configuration list for PBXProject "gifViewObjC" */ = {
			isa = XCConfigurationList;
			buildConfigurations = (
				A60D89F21F87DE010036D5C8 /* Debug */,
				A60D89F31F87DE010036D5C8 /* Release */,
			);
			defaultConfigurationIsVisible = 0;
			defaultConfigurationName = Release;
		};
		A60D89F41F87DE010036D5C8 /* Build configuration list for PBXNativeTarget "gifViewObjC" */ = {
			isa = XCConfigurationList;
			buildConfigurations = (
				A60D89F51F87DE010036D5C8 /* Debug */,
				A60D89F61F87DE010036D5C8 /* Release */,
			);
			defaultConfigurationIsVisible = 0;
			defaultConfigurationName = Release;
		};
/* End XCConfigurationList section */
	};
	rootObject = A60D89D61F87DE010036D5C8 /* Project object */;
}
